{
  "name": "auto-sust-yiban-infoupload",
  "version": "0.0.0",
  "lockfileVersion": 2,
  "requires": true,
  "packages": {
    "": {
      "version": "0.0.0",
      "license": "MIT",
      "dependencies": {
        "axios": "^0.21.1",
        "checkdigit": "^1.1.1",
        "random-seed": "^0.3.0"
      },
      "devDependencies": {}
    },
    "node_modules/axios": {
      "version": "0.21.1",
      "resolved": "https://registry.nlark.com/axios/download/axios-0.21.1.tgz",
      "integrity": "sha1-IlY0gZYvTWvemnbVFu8OXTwJsrg=",
      "dependencies": {
        "follow-redirects": "^1.10.0"
      }
    },
    "node_modules/checkdigit": {
      "version": "1.1.1",
      "integrity": "sha1-CN8I3kk6Pqo/qRg+WGSye+75Zoc="
    },
    "node_modules/follow-redirects": {
      "version": "1.13.0",
      "integrity": "sha1-tC6Nk6Kn7qXtiGM2dtZZe8jjhNs=",
      "engines": {
        "node": ">=4.0"
      }
    },
    "node_modules/json-stringify-safe": {
      "version": "5.0.1",
      "integrity": "sha1-Epai1Y/UXxmg9s4B1lcB4sc1tus="
    },
    "node_modules/random-seed": {
      "version": "0.3.0",
      "integrity": "sha1-2UXy4fOPSejViRNDG4v2u5N1Vs0=",
      "dependencies": {
        "json-stringify-safe": "^5.0.1"
      },
      "engines": {
        "node": ">= 0.6.0"
      }
    }
  },
  "dependencies": {
    "axios": {
      "version": "0.21.1",
      "resolved": "https://registry.nlark.com/axios/download/axios-0.21.1.tgz",
      "integrity": "sha1-IlY0gZYvTWvemnbVFu8OXTwJsrg=",
      "requires": {
        "follow-redirects": "^1.10.0"
      }
    },
    "checkdigit": {
      "version": "1.1.1"
    },
    "follow-redirects": {
      "version": "1.13.0"
    },
    "json-stringify-safe": {
      "version": "5.0.1"
    },
    "random-seed": {
      "version": "0.3.0",
      "requires": {
        "json-stringify-safe": "^5.0.1"
      }
    }
  }
}
